
Microsoft Visual Studio Solution File, Format Version 12.00
# Visual Studio Version 17
VisualStudioVersion = 17.3.32819.101
MinimumVisualStudioVersion = 10.0.40219.1
Project("{FAE04EC0-301F-11D3-BF4B-00C04F79EFBC}") = "interpreter", "interpreter\interpreter.csproj", "{A28B316A-7D98-4129-9926-404B88C06F2E}"
EndProject
Global
	GlobalSection(SolutionConfigurationPlatforms) = preSolution
		Debug|Any CPU = Debug|Any CPU
		Release|Any CPU = Release|Any CPU
	EndGlobalSection
	GlobalSection(ProjectConfigurationPlatforms) = postSolution
		{A28B316A-7D98-4129-9926-404B88C06F2E}.Debug|Any CPU.ActiveCfg = Debug|Any CPU
		{A28B316A-7D98-4129-9926-404B88C06F2E}.Debug|Any CPU.Build.0 = Debug|Any CPU
		{A28B316A-7D98-4129-9926-404B88C06F2E}.Release|Any CPU.ActiveCfg = Release|Any CPU
		{A28B316A-7D98-4129-9926-404B88C06F2E}.Release|Any CPU.Build.0 = Release|Any CPU
	EndGlobalSection
	GlobalSection(SolutionProperties) = preSolution
		HideSolutionNode = FALSE
	EndGlobalSection
	GlobalSection(ExtensibilityGlobals) = postSolution
		SolutionGuid = {40A8DD09-CFCC-4CB8-81B3-C7888F368A0D}
	EndGlobalSection
EndGlobal
